
Microsoft Visual Studio Solution File, Format Version 12.00
# Visual Studio Version 17
VisualStudioVersion = 17.0.32112.339
MinimumVisualStudioVersion = 10.0.40219.1
Project("{9A19103F-16F7-4668-BE54-9A1E7A4F7556}") = "Mikkelhm-F1.Domain", "src\Mikkelhm-F1.Domain\Mikkelhm-F1.Domain.csproj", "{23D08662-5DF8-430F-B4BB-CB243BDDA72D}"
EndProject
Project("{9A19103F-16F7-4668-BE54-9A1E7A4F7556}") = "Mikkelhm-F1-Functions.Tests", "tests\Mikkelhm-F1-Functions.Tests\Mikkelhm-F1-Functions.Tests.csproj", "{C5855E95-E6D6-49EE-BE41-302BF3284D21}"
EndProject
Project("{9A19103F-16F7-4668-BE54-9A1E7A4F7556}") = "Mikkelhm-F1.Infrastructure", "src\Mikkelhm-F1.Infrastructure\Mikkelhm-F1.Infrastructure.csproj", "{E9EDEF87-7F99-4B7A-8105-EB72E747C359}"
EndProject
Project("{9A19103F-16F7-4668-BE54-9A1E7A4F7556}") = "Mikkelhm-F1.SyncFunctions", "src\Mikkelhm-F1.SyncFunctions\Mikkelhm-F1.SyncFunctions.csproj", "{FC335799-8427-451A-B938-20669E5B04F4}"
EndProject
Project("{FAE04EC0-301F-11D3-BF4B-00C04F79EFBC}") = "Mikkelhm-F1.ApiFunctions", "src\Mikkelhm-F1.ApiFunctions\Mikkelhm-F1.ApiFunctions.csproj", "{C744FCF0-9B29-4222-B9E4-6A053F7F4E2B}"
EndProject
Project("{2150E333-8FDC-42A3-9474-1A3956D46DE8}") = "Core", "Core", "{8291D2EA-BD44-4D18-BDB9-2D540EF7A872}"
EndProject
Project("{2150E333-8FDC-42A3-9474-1A3956D46DE8}") = "Tests", "Tests", "{08E76F87-6EF7-4494-A1EE-D3F1DF5C4AF9}"
EndProject
Project("{2150E333-8FDC-42A3-9474-1A3956D46DE8}") = "Functions", "Functions", "{0550B6C4-49D0-481D-9573-D6C7027E51CB}"
EndProject
Global
	GlobalSection(SolutionConfigurationPlatforms) = preSolution
		Debug|Any CPU = Debug|Any CPU
		Release|Any CPU = Release|Any CPU
	EndGlobalSection
	GlobalSection(ProjectConfigurationPlatforms) = postSolution
		{23D08662-5DF8-430F-B4BB-CB243BDDA72D}.Debug|Any CPU.ActiveCfg = Debug|Any CPU
		{23D08662-5DF8-430F-B4BB-CB243BDDA72D}.Debug|Any CPU.Build.0 = Debug|Any CPU
		{23D08662-5DF8-430F-B4BB-CB243BDDA72D}.Release|Any CPU.ActiveCfg = Release|Any CPU
		{23D08662-5DF8-430F-B4BB-CB243BDDA72D}.Release|Any CPU.Build.0 = Release|Any CPU
		{C5855E95-E6D6-49EE-BE41-302BF3284D21}.Debug|Any CPU.ActiveCfg = Debug|Any CPU
		{C5855E95-E6D6-49EE-BE41-302BF3284D21}.Debug|Any CPU.Build.0 = Debug|Any CPU
		{C5855E95-E6D6-49EE-BE41-302BF3284D21}.Release|Any CPU.ActiveCfg = Release|Any CPU
		{C5855E95-E6D6-49EE-BE41-302BF3284D21}.Release|Any CPU.Build.0 = Release|Any CPU
		{E9EDEF87-7F99-4B7A-8105-EB72E747C359}.Debug|Any CPU.ActiveCfg = Debug|Any CPU
		{E9EDEF87-7F99-4B7A-8105-EB72E747C359}.Debug|Any CPU.Build.0 = Debug|Any CPU
		{E9EDEF87-7F99-4B7A-8105-EB72E747C359}.Release|Any CPU.ActiveCfg = Release|Any CPU
		{E9EDEF87-7F99-4B7A-8105-EB72E747C359}.Release|Any CPU.Build.0 = Release|Any CPU
		{FC335799-8427-451A-B938-20669E5B04F4}.Debug|Any CPU.ActiveCfg = Debug|Any CPU
		{FC335799-8427-451A-B938-20669E5B04F4}.Debug|Any CPU.Build.0 = Debug|Any CPU
		{FC335799-8427-451A-B938-20669E5B04F4}.Release|Any CPU.ActiveCfg = Release|Any CPU
		{FC335799-8427-451A-B938-20669E5B04F4}.Release|Any CPU.Build.0 = Release|Any CPU
		{C744FCF0-9B29-4222-B9E4-6A053F7F4E2B}.Debug|Any CPU.ActiveCfg = Debug|Any CPU
		{C744FCF0-9B29-4222-B9E4-6A053F7F4E2B}.Debug|Any CPU.Build.0 = Debug|Any CPU
		{C744FCF0-9B29-4222-B9E4-6A053F7F4E2B}.Release|Any CPU.ActiveCfg = Release|Any CPU
		{C744FCF0-9B29-4222-B9E4-6A053F7F4E2B}.Release|Any CPU.Build.0 = Release|Any CPU
	EndGlobalSection
	GlobalSection(SolutionProperties) = preSolution
		HideSolutionNode = FALSE
	EndGlobalSection
	GlobalSection(ExtensibilityGlobals) = postSolution
		SolutionGuid = {3DC9A553-0F35-47D6-84C2-391C3A62E406}
	EndGlobalSection
	GlobalSection(NestedProjects) = preSolution
		{23D08662-5DF8-430F-B4BB-CB243BDDA72D} = {8291D2EA-BD44-4D18-BDB9-2D540EF7A872}
		{E9EDEF87-7F99-4B7A-8105-EB72E747C359} = {8291D2EA-BD44-4D18-BDB9-2D540EF7A872}
		{C5855E95-E6D6-49EE-BE41-302BF3284D21} = {08E76F87-6EF7-4494-A1EE-D3F1DF5C4AF9}
		{C744FCF0-9B29-4222-B9E4-6A053F7F4E2B} = {0550B6C4-49D0-481D-9573-D6C7027E51CB}
		{FC335799-8427-451A-B938-20669E5B04F4} = {0550B6C4-49D0-481D-9573-D6C7027E51CB}
	EndGlobalSection
EndGlobal
